// !$*UTF8*$!
{
	archiveVersion = 1;
	classes = {
	};
	objectVersion = 50;
	objects = {

/* Begin PBXBuildFile section */
		A25528302181F0CF00CF733A /* cube.cpp in Sources */ = {isa = PBXBuildFile; fileRef = A255282E2181F0CF00CF733A /* cube.cpp */; };
		A255283321821D4200CF733A /* point2D.cpp in Sources */ = {isa = PBXBuildFile; fileRef = A255283121821D4200CF733A /* point2D.cpp */; };
		A255283621821DDD00CF733A /* segment.cpp in Sources */ = {isa = PBXBuildFile; fileRef = A255283421821DDD00CF733A /* segment.cpp */; };
		A255283921821FC800CF733A /* square.cpp in Sources */ = {isa = PBXBuildFile; fileRef = A255283721821FC800CF733A /* square.cpp */; };
		A255283C2182218400CF733A /* point3D.cpp in Sources */ = {isa = PBXBuildFile; fileRef = A255283A2182218400CF733A /* point3D.cpp */; };
		A255283F2182234000CF733A /* form.cpp in Sources */ = {isa = PBXBuildFile; fileRef = A255283D2182234000CF733A /* form.cpp */; };
		A2917968216D3A9D0086294B /* main.cpp in Sources */ = {isa = PBXBuildFile; fileRef = A2917967216D3A9D0086294B /* main.cpp */; };
		A2917972216D3AE30086294B /* game.cpp in Sources */ = {isa = PBXBuildFile; fileRef = A291796E216D3AE30086294B /* game.cpp */; };
		A291797D216D3B550086294B /* SDL2.framework in Frameworks */ = {isa = PBXBuildFile; fileRef = A2917978216D3B550086294B /* SDL2.framework */; };
		A2C6323621862051006EE1BD /* container.cpp in Sources */ = {isa = PBXBuildFile; fileRef = A2C6323421862051006EE1BD /* container.cpp */; };
/* End PBXBuildFile section */

/* Begin PBXCopyFilesBuildPhase section */
		A2917962216D3A9C0086294B /* CopyFiles */ = {
			isa = PBXCopyFilesBuildPhase;
			buildActionMask = 2147483647;
			dstPath = /usr/share/man/man1/;
			dstSubfolderSpec = 0;
			files = (
			);
			runOnlyForDeploymentPostprocessing = 1;
		};
/* End PBXCopyFilesBuildPhase section */

/* Begin PBXFileReference section */
		A255282E2181F0CF00CF733A /* cube.cpp */ = {isa = PBXFileReference; lastKnownFileType = sourcecode.cpp.cpp; path = cube.cpp; sourceTree = "<group>"; };
		A255282F2181F0CF00CF733A /* cube.hpp */ = {isa = PBXFileReference; lastKnownFileType = sourcecode.cpp.h; path = cube.hpp; sourceTree = "<group>"; };
		A255283121821D4200CF733A /* point2D.cpp */ = {isa = PBXFileReference; lastKnownFileType = sourcecode.cpp.cpp; path = point2D.cpp; sourceTree = "<group>"; };
		A255283221821D4200CF733A /* point2D.hpp */ = {isa = PBXFileReference; lastKnownFileType = sourcecode.cpp.h; path = point2D.hpp; sourceTree = "<group>"; };
		A255283421821DDD00CF733A /* segment.cpp */ = {isa = PBXFileReference; lastKnownFileType = sourcecode.cpp.cpp; path = segment.cpp; sourceTree = "<group>"; };
		A255283521821DDD00CF733A /* segment.hpp */ = {isa = PBXFileReference; lastKnownFileType = sourcecode.cpp.h; path = segment.hpp; sourceTree = "<group>"; };
		A255283721821FC800CF733A /* square.cpp */ = {isa = PBXFileReference; lastKnownFileType = sourcecode.cpp.cpp; path = square.cpp; sourceTree = "<group>"; };
		A255283821821FC800CF733A /* square.hpp */ = {isa = PBXFileReference; lastKnownFileType = sourcecode.cpp.h; path = square.hpp; sourceTree = "<group>"; };
		A255283A2182218400CF733A /* point3D.cpp */ = {isa = PBXFileReference; lastKnownFileType = sourcecode.cpp.cpp; path = point3D.cpp; sourceTree = "<group>"; };
		A255283B2182218400CF733A /* point3D.hpp */ = {isa = PBXFileReference; lastKnownFileType = sourcecode.cpp.h; path = point3D.hpp; sourceTree = "<group>"; };
		A255283D2182234000CF733A /* form.cpp */ = {isa = PBXFileReference; lastKnownFileType = sourcecode.cpp.cpp; path = form.cpp; sourceTree = "<group>"; };
		A255283E2182234000CF733A /* form.hpp */ = {isa = PBXFileReference; lastKnownFileType = sourcecode.cpp.h; path = form.hpp; sourceTree = "<group>"; };
		A2917964216D3A9C0086294B /* Tetris3D */ = {isa = PBXFileReference; explicitFileType = "compiled.mach-o.executable"; includeInIndex = 0; path = Tetris3D; sourceTree = BUILT_PRODUCTS_DIR; };
		A2917967216D3A9D0086294B /* main.cpp */ = {isa = PBXFileReference; lastKnownFileType = sourcecode.cpp.cpp; path = main.cpp; sourceTree = "<group>"; };
		A291796E216D3AE30086294B /* game.cpp */ = {isa = PBXFileReference; fileEncoding = 4; lastKnownFileType = sourcecode.cpp.cpp; path = game.cpp; sourceTree = "<group>"; };
		A291796F216D3AE30086294B /* game.hpp */ = {isa = PBXFileReference; fileEncoding = 4; lastKnownFileType = sourcecode.cpp.h; path = game.hpp; sourceTree = "<group>"; };
		A2917970216D3AE30086294B /* main.hpp */ = {isa = PBXFileReference; fileEncoding = 4; lastKnownFileType = sourcecode.cpp.h; path = main.hpp; sourceTree = "<group>"; };
		A2917971216D3AE30086294B /* Makefile */ = {isa = PBXFileReference; fileEncoding = 4; lastKnownFileType = sourcecode.make; path = Makefile; sourceTree = "<group>"; };
		A2917975216D3B550086294B /* SDL_mixer.framework */ = {isa = PBXFileReference; lastKnownFileType = wrapper.framework; name = SDL_mixer.framework; path = ../../../../../../../Library/Frameworks/SDL_mixer.framework; sourceTree = "<group>"; };
		A2917976216D3B550086294B /* SDL_ttf.framework */ = {isa = PBXFileReference; lastKnownFileType = wrapper.framework; name = SDL_ttf.framework; path = ../../../../../../../Library/Frameworks/SDL_ttf.framework; sourceTree = "<group>"; };
		A2917977216D3B550086294B /* SDL_image.framework */ = {isa = PBXFileReference; lastKnownFileType = wrapper.framework; name = SDL_image.framework; path = ../../../../../../../Library/Frameworks/SDL_image.framework; sourceTree = "<group>"; };
		A2917978216D3B550086294B /* SDL2.framework */ = {isa = PBXFileReference; lastKnownFileType = wrapper.framework; name = SDL2.framework; path = ../../../../../../../Library/Frameworks/SDL2.framework; sourceTree = "<group>"; };
		A2917979216D3B550086294B /* SDL.framework */ = {isa = PBXFileReference; lastKnownFileType = wrapper.framework; name = SDL.framework; path = ../../../../../../../Library/Frameworks/SDL.framework; sourceTree = "<group>"; };
		A2C6323421862051006EE1BD /* container.cpp */ = {isa = PBXFileReference; lastKnownFileType = sourcecode.cpp.cpp; path = container.cpp; sourceTree = "<group>"; };
		A2C6323521862051006EE1BD /* container.hpp */ = {isa = PBXFileReference; lastKnownFileType = sourcecode.cpp.h; path = container.hpp; sourceTree = "<group>"; };
/* End PBXFileReference section */

/* Begin PBXFrameworksBuildPhase section */
		A2917961216D3A9C0086294B /* Frameworks */ = {
			isa = PBXFrameworksBuildPhase;
			buildActionMask = 2147483647;
			files = (
				A291797D216D3B550086294B /* SDL2.framework in Frameworks */,
			);
			runOnlyForDeploymentPostprocessing = 0;
		};
/* End PBXFrameworksBuildPhase section */

/* Begin PBXGroup section */
		A255282D2181F0B300CF733A /* Classes */ = {
			isa = PBXGroup;
			children = (
				A255283121821D4200CF733A /* point2D.cpp */,
				A255283221821D4200CF733A /* point2D.hpp */,
				A255283421821DDD00CF733A /* segment.cpp */,
				A255283521821DDD00CF733A /* segment.hpp */,
				A255283721821FC800CF733A /* square.cpp */,
				A255283821821FC800CF733A /* square.hpp */,
				A255283A2182218400CF733A /* point3D.cpp */,
				A255283B2182218400CF733A /* point3D.hpp */,
				A255282E2181F0CF00CF733A /* cube.cpp */,
				A255282F2181F0CF00CF733A /* cube.hpp */,
				A255283D2182234000CF733A /* form.cpp */,
				A255283E2182234000CF733A /* form.hpp */,
				A2C6323421862051006EE1BD /* container.cpp */,
				A2C6323521862051006EE1BD /* container.hpp */,
			);
			path = Classes;
			sourceTree = "<group>";
		};
		A291795B216D3A9C0086294B = {
			isa = PBXGroup;
			children = (
				A2917966216D3A9C0086294B /* Tetris3D */,
				A2917965216D3A9C0086294B /* Products */,
				A2917974216D3B540086294B /* Frameworks */,
			);
			sourceTree = "<group>";
		};
		A2917965216D3A9C0086294B /* Products */ = {
			isa = PBXGroup;
			children = (
				A2917964216D3A9C0086294B /* Tetris3D */,
			);
			name = Products;
			sourceTree = "<group>";
		};
		A2917966216D3A9C0086294B /* Tetris3D */ = {
			isa = PBXGroup;
			children = (
				A255282D2181F0B300CF733A /* Classes */,
				A2917967216D3A9D0086294B /* main.cpp */,
				A2917970216D3AE30086294B /* main.hpp */,
				A291796E216D3AE30086294B /* game.cpp */,
				A291796F216D3AE30086294B /* game.hpp */,
				A2917971216D3AE30086294B /* Makefile */,
			);
			path = Tetris3D;
			sourceTree = "<group>";
		};
		A2917974216D3B540086294B /* Frameworks */ = {
			isa = PBXGroup;
			children = (
				A2917977216D3B550086294B /* SDL_image.framework */,
				A2917975216D3B550086294B /* SDL_mixer.framework */,
				A2917976216D3B550086294B /* SDL_ttf.framework */,
				A2917979216D3B550086294B /* SDL.framework */,
				A2917978216D3B550086294B /* SDL2.framework */,
			);
			name = Frameworks;
			sourceTree = "<group>";
		};
/* End PBXGroup section */

/* Begin PBXNativeTarget section */
		A2917963216D3A9C0086294B /* Tetris3D */ = {
			isa = PBXNativeTarget;
			buildConfigurationList = A291796B216D3A9D0086294B /* Build configuration list for PBXNativeTarget "Tetris3D" */;
			buildPhases = (
				A2917960216D3A9C0086294B /* Sources */,
				A2917961216D3A9C0086294B /* Frameworks */,
				A2917962216D3A9C0086294B /* CopyFiles */,
			);
			buildRules = (
			);
			dependencies = (
			);
			name = Tetris3D;
			productName = Tetris3D;
			productReference = A2917964216D3A9C0086294B /* Tetris3D */;
			productType = "com.apple.product-type.tool";
		};
/* End PBXNativeTarget section */

/* Begin PBXProject section */
		A291795C216D3A9C0086294B /* Project object */ = {
			isa = PBXProject;
			attributes = {
				LastUpgradeCheck = 1000;
				ORGANIZATIONNAME = ugocottin;
				TargetAttributes = {
					A2917963216D3A9C0086294B = {
						CreatedOnToolsVersion = 10.0;
					};
				};
			};
			buildConfigurationList = A291795F216D3A9C0086294B /* Build configuration list for PBXProject "Tetris3D" */;
			compatibilityVersion = "Xcode 9.3";
			developmentRegion = en;
			hasScannedForEncodings = 0;
			knownRegions = (
				en,
			);
			mainGroup = A291795B216D3A9C0086294B;
			productRefGroup = A2917965216D3A9C0086294B /* Products */;
			projectDirPath = "";
			projectRoot = "";
			targets = (
				A2917963216D3A9C0086294B /* Tetris3D */,
			);
		};
/* End PBXProject section */

/* Begin PBXSourcesBuildPhase section */
		A2917960216D3A9C0086294B /* Sources */ = {
			isa = PBXSourcesBuildPhase;
			buildActionMask = 2147483647;
			files = (
				A255283321821D4200CF733A /* point2D.cpp in Sources */,
				A255283621821DDD00CF733A /* segment.cpp in Sources */,
				A2917968216D3A9D0086294B /* main.cpp in Sources */,
				A255283C2182218400CF733A /* point3D.cpp in Sources */,
				A2C6323621862051006EE1BD /* container.cpp in Sources */,
				A2917972216D3AE30086294B /* game.cpp in Sources */,
				A255283F2182234000CF733A /* form.cpp in Sources */,
				A255283921821FC800CF733A /* square.cpp in Sources */,
				A25528302181F0CF00CF733A /* cube.cpp in Sources */,
			);
			runOnlyForDeploymentPostprocessing = 0;
		};
/* End PBXSourcesBuildPhase section */

/* Begin XCBuildConfiguration section */
		A2917969216D3A9D0086294B /* Debug */ = {
			isa = XCBuildConfiguration;
			buildSettings = {
				ALWAYS_SEARCH_USER_PATHS = NO;
				CLANG_ANALYZER_NONNULL = YES;
				CLANG_ANALYZER_NUMBER_OBJECT_CONVERSION = YES_AGGRESSIVE;
				CLANG_CXX_LANGUAGE_STANDARD = "gnu++14";
				CLANG_CXX_LIBRARY = "libc++";
				CLANG_ENABLE_MODULES = YES;
				CLANG_ENABLE_OBJC_ARC = YES;
				CLANG_ENABLE_OBJC_WEAK = YES;
				CLANG_WARN_BLOCK_CAPTURE_AUTORELEASING = YES;
				CLANG_WARN_BOOL_CONVERSION = YES;
				CLANG_WARN_COMMA = YES;
				CLANG_WARN_CONSTANT_CONVERSION = YES;
				CLANG_WARN_DEPRECATED_OBJC_IMPLEMENTATIONS = YES;
				CLANG_WARN_DIRECT_OBJC_ISA_USAGE = YES_ERROR;
				CLANG_WARN_DOCUMENTATION_COMMENTS = YES;
				CLANG_WARN_EMPTY_BODY = YES;
				CLANG_WARN_ENUM_CONVERSION = YES;
				CLANG_WARN_INFINITE_RECURSION = YES;
				CLANG_WARN_INT_CONVERSION = YES;
				CLANG_WARN_NON_LITERAL_NULL_CONVERSION = YES;
				CLANG_WARN_OBJC_IMPLICIT_RETAIN_SELF = YES;
				CLANG_WARN_OBJC_LITERAL_CONVERSION = YES;
				CLANG_WARN_OBJC_ROOT_CLASS = YES_ERROR;
				CLANG_WARN_RANGE_LOOP_ANALYSIS = YES;
				CLANG_WARN_STRICT_PROTOTYPES = YES;
				CLANG_WARN_SUSPICIOUS_MOVE = YES;
				CLANG_WARN_UNGUARDED_AVAILABILITY = YES_AGGRESSIVE;
				CLANG_WARN_UNREACHABLE_CODE = YES;
				CLANG_WARN__DUPLICATE_METHOD_MATCH = YES;
				CODE_SIGN_IDENTITY = "Mac Developer";
				COPY_PHASE_STRIP = NO;
				DEBUG_INFORMATION_FORMAT = dwarf;
				ENABLE_STRICT_OBJC_MSGSEND = YES;
				ENABLE_TESTABILITY = YES;
				GCC_C_LANGUAGE_STANDARD = gnu11;
				GCC_DYNAMIC_NO_PIC = NO;
				GCC_NO_COMMON_BLOCKS = YES;
				GCC_OPTIMIZATION_LEVEL = 0;
				GCC_PREPROCESSOR_DEFINITIONS = (
					"DEBUG=1",
					"$(inherited)",
				);
				GCC_WARN_64_TO_32_BIT_CONVERSION = YES;
				GCC_WARN_ABOUT_RETURN_TYPE = YES_ERROR;
				GCC_WARN_UNDECLARED_SELECTOR = YES;
				GCC_WARN_UNINITIALIZED_AUTOS = YES_AGGRESSIVE;
				GCC_WARN_UNUSED_FUNCTION = YES;
				GCC_WARN_UNUSED_VARIABLE = YES;
				MACOSX_DEPLOYMENT_TARGET = 10.14;
				MTL_ENABLE_DEBUG_INFO = INCLUDE_SOURCE;
				MTL_FAST_MATH = YES;
				ONLY_ACTIVE_ARCH = YES;
				SDKROOT = macosx;
			};
			name = Debug;
		};
		A291796A216D3A9D0086294B /* Release */ = {
			isa = XCBuildConfiguration;
			buildSettings = {
				ALWAYS_SEARCH_USER_PATHS = NO;
				CLANG_ANALYZER_NONNULL = YES;
				CLANG_ANALYZER_NUMBER_OBJECT_CONVERSION = YES_AGGRESSIVE;
				CLANG_CXX_LANGUAGE_STANDARD = "gnu++14";
				CLANG_CXX_LIBRARY = "libc++";
				CLANG_ENABLE_MODULES = YES;
				CLANG_ENABLE_OBJC_ARC = YES;
				CLANG_ENABLE_OBJC_WEAK = YES;
				CLANG_WARN_BLOCK_CAPTURE_AUTORELEASING = YES;
				CLANG_WARN_BOOL_CONVERSION = YES;
				CLANG_WARN_COMMA = YES;
				CLANG_WARN_CONSTANT_CONVERSION = YES;
				CLANG_WARN_DEPRECATED_OBJC_IMPLEMENTATIONS = YES;
				CLANG_WARN_DIRECT_OBJC_ISA_USAGE = YES_ERROR;
				CLANG_WARN_DOCUMENTATION_COMMENTS = YES;
				CLANG_WARN_EMPTY_BODY = YES;
				CLANG_WARN_ENUM_CONVERSION = YES;
				CLANG_WARN_INFINITE_RECURSION = YES;
				CLANG_WARN_INT_CONVERSION = YES;
				CLANG_WARN_NON_LITERAL_NULL_CONVERSION = YES;
				CLANG_WARN_OBJC_IMPLICIT_RETAIN_SELF = YES;
				CLANG_WARN_OBJC_LITERAL_CONVERSION = YES;
				CLANG_WARN_OBJC_ROOT_CLASS = YES_ERROR;
				CLANG_WARN_RANGE_LOOP_ANALYSIS = YES;
				CLANG_WARN_STRICT_PROTOTYPES = YES;
				CLANG_WARN_SUSPICIOUS_MOVE = YES;
				CLANG_WARN_UNGUARDED_AVAILABILITY = YES_AGGRESSIVE;
				CLANG_WARN_UNREACHABLE_CODE = YES;
				CLANG_WARN__DUPLICATE_METHOD_MATCH = YES;
				CODE_SIGN_IDENTITY = "Mac Developer";
				COPY_PHASE_STRIP = NO;
				DEBUG_INFORMATION_FORMAT = "dwarf-with-dsym";
				ENABLE_NS_ASSERTIONS = NO;
				ENABLE_STRICT_OBJC_MSGSEND = YES;
				GCC_C_LANGUAGE_STANDARD = gnu11;
				GCC_NO_COMMON_BLOCKS = YES;
				GCC_WARN_64_TO_32_BIT_CONVERSION = YES;
				GCC_WARN_ABOUT_RETURN_TYPE = YES_ERROR;
				GCC_WARN_UNDECLARED_SELECTOR = YES;
				GCC_WARN_UNINITIALIZED_AUTOS = YES_AGGRESSIVE;
				GCC_WARN_UNUSED_FUNCTION = YES;
				GCC_WARN_UNUSED_VARIABLE = YES;
				MACOSX_DEPLOYMENT_TARGET = 10.14;
				MTL_ENABLE_DEBUG_INFO = NO;
				MTL_FAST_MATH = YES;
				SDKROOT = macosx;
			};
			name = Release;
		};
		A291796C216D3A9D0086294B /* Debug */ = {
			isa = XCBuildConfiguration;
			buildSettings = {
				CODE_SIGN_STYLE = Automatic;
				DEVELOPMENT_TEAM = R72YBJYJW5;
				FRAMEWORK_SEARCH_PATHS = (
					"$(inherited)",
					"$(LOCAL_LIBRARY_DIR)/Frameworks",
				);
				PRODUCT_NAME = "$(TARGET_NAME)";
			};
			name = Debug;
		};
		A291796D216D3A9D0086294B /* Release */ = {
			isa = XCBuildConfiguration;
			buildSettings = {
				CODE_SIGN_STYLE = Automatic;
				DEVELOPMENT_TEAM = R72YBJYJW5;
				FRAMEWORK_SEARCH_PATHS = (
					"$(inherited)",
					"$(LOCAL_LIBRARY_DIR)/Frameworks",
				);
				PRODUCT_NAME = "$(TARGET_NAME)";
			};
			name = Release;
		};
/* End XCBuildConfiguration section */

/* Begin XCConfigurationList section */
		A291795F216D3A9C0086294B /* Build configuration list for PBXProject "Tetris3D" */ = {
			isa = XCConfigurationList;
			buildConfigurations = (
				A2917969216D3A9D0086294B /* Debug */,
				A291796A216D3A9D0086294B /* Release */,
			);
			defaultConfigurationIsVisible = 0;
			defaultConfigurationName = Release;
		};
		A291796B216D3A9D0086294B /* Build configuration list for PBXNativeTarget "Tetris3D" */ = {
			isa = XCConfigurationList;
			buildConfigurations = (
				A291796C216D3A9D0086294B /* Debug */,
				A291796D216D3A9D0086294B /* Release */,
			);
			defaultConfigurationIsVisible = 0;
			defaultConfigurationName = Release;
		};
/* End XCConfigurationList section */
	};
	rootObject = A291795C216D3A9C0086294B /* Project object */;
}
